// !$*UTF8*$!
{
	archiveVersion = 1;
	classes = {
	};
	objectVersion = 52;
	objects = {

/* Begin PBXBuildFile section */
		454FFC3125FCFD2500E2CC52 /* AppDelegate.swift in Sources */ = {isa = PBXBuildFile; fileRef = 454FFC3025FCFD2500E2CC52 /* AppDelegate.swift */; };
		454FFC3825FCFD2500E2CC52 /* Main.storyboard in Resources */ = {isa = PBXBuildFile; fileRef = 454FFC3625FCFD2500E2CC52 /* Main.storyboard */; };
		454FFC3A25FCFD2700E2CC52 /* Assets.xcassets in Resources */ = {isa = PBXBuildFile; fileRef = 454FFC3925FCFD2700E2CC52 /* Assets.xcassets */; };
		454FFC3D25FCFD2700E2CC52 /* LaunchScreen.storyboard in Resources */ = {isa = PBXBuildFile; fileRef = 454FFC3B25FCFD2700E2CC52 /* LaunchScreen.storyboard */; };
		454FFC4825FCFE4300E2CC52 /* Theme.swift in Sources */ = {isa = PBXBuildFile; fileRef = 454FFC4725FCFE4300E2CC52 /* Theme.swift */; };
		454FFC4D25FD089700E2CC52 /* Search.storyboard in Resources */ = {isa = PBXBuildFile; fileRef = 454FFC4C25FD089700E2CC52 /* Search.storyboard */; };
		454FFC5425FD178800E2CC52 /* SearchResultCell.swift in Sources */ = {isa = PBXBuildFile; fileRef = 454FFC5325FD178800E2CC52 /* SearchResultCell.swift */; };
		454FFC5B25FD189300E2CC52 /* SearchViewController.swift in Sources */ = {isa = PBXBuildFile; fileRef = 454FFC5A25FD189300E2CC52 /* SearchViewController.swift */; };
		454FFC5F25FD18B900E2CC52 /* ReusableView.swift in Sources */ = {isa = PBXBuildFile; fileRef = 454FFC5E25FD18B900E2CC52 /* ReusableView.swift */; };
		454FFC6325FD251C00E2CC52 /* UITableView+ReuseIdentifier.swift in Sources */ = {isa = PBXBuildFile; fileRef = 454FFC6225FD251C00E2CC52 /* UITableView+ReuseIdentifier.swift */; };
		454FFC6625FD262900E2CC52 /* SearchResultViewModel.swift in Sources */ = {isa = PBXBuildFile; fileRef = 454FFC6525FD262900E2CC52 /* SearchResultViewModel.swift */; };
		454FFC6B25FE968600E2CC52 /* Kingfisher in Frameworks */ = {isa = PBXBuildFile; productRef = 454FFC6A25FE968600E2CC52 /* Kingfisher */; };
		454FFC6F25FEA1C300E2CC52 /* TopPodcastsAPI.swift in Sources */ = {isa = PBXBuildFile; fileRef = 454FFC6E25FEA1C300E2CC52 /* TopPodcastsAPI.swift */; };
		454FFC7825FEDB4400E2CC52 /* TopPodcastAPITests.swift in Sources */ = {isa = PBXBuildFile; fileRef = 454FFC7725FEDB4400E2CC52 /* TopPodcastAPITests.swift */; };
		454FFC8625FEF23100E2CC52 /* SearchResult.swift in Sources */ = {isa = PBXBuildFile; fileRef = 454FFC8525FEF23100E2CC52 /* SearchResult.swift */; };
		454FFC8A25FFACEB00E2CC52 /* APIClient.swift in Sources */ = {isa = PBXBuildFile; fileRef = 454FFC8925FFACEB00E2CC52 /* APIClient.swift */; };
		454FFC9025FFB65300E2CC52 /* PodcastSearchAPI.swift in Sources */ = {isa = PBXBuildFile; fileRef = 454FFC8F25FFB65300E2CC52 /* PodcastSearchAPI.swift */; };
/* End PBXBuildFile section */

/* Begin PBXContainerItemProxy section */
		454FFC7A25FEDB4400E2CC52 /* PBXContainerItemProxy */ = {
			isa = PBXContainerItemProxy;
			containerPortal = 454FFC2525FCFD2500E2CC52 /* Project object */;
			proxyType = 1;
			remoteGlobalIDString = 454FFC2C25FCFD2500E2CC52;
			remoteInfo = PodCastApp;
		};
/* End PBXContainerItemProxy section */

/* Begin PBXFileReference section */
		454FFC2D25FCFD2500E2CC52 /* PodCastApp.app */ = {isa = PBXFileReference; explicitFileType = wrapper.application; includeInIndex = 0; path = PodCastApp.app; sourceTree = BUILT_PRODUCTS_DIR; };
		454FFC3025FCFD2500E2CC52 /* AppDelegate.swift */ = {isa = PBXFileReference; lastKnownFileType = sourcecode.swift; path = AppDelegate.swift; sourceTree = "<group>"; };
		454FFC3725FCFD2500E2CC52 /* Base */ = {isa = PBXFileReference; lastKnownFileType = file.storyboard; name = Base; path = Base.lproj/Main.storyboard; sourceTree = "<group>"; };
		454FFC3925FCFD2700E2CC52 /* Assets.xcassets */ = {isa = PBXFileReference; lastKnownFileType = folder.assetcatalog; path = Assets.xcassets; sourceTree = "<group>"; };
		454FFC3C25FCFD2700E2CC52 /* Base */ = {isa = PBXFileReference; lastKnownFileType = file.storyboard; name = Base; path = Base.lproj/LaunchScreen.storyboard; sourceTree = "<group>"; };
		454FFC3E25FCFD2700E2CC52 /* Info.plist */ = {isa = PBXFileReference; lastKnownFileType = text.plist.xml; path = Info.plist; sourceTree = "<group>"; };
		454FFC4725FCFE4300E2CC52 /* Theme.swift */ = {isa = PBXFileReference; lastKnownFileType = sourcecode.swift; path = Theme.swift; sourceTree = "<group>"; };
		454FFC4C25FD089700E2CC52 /* Search.storyboard */ = {isa = PBXFileReference; lastKnownFileType = file.storyboard; path = Search.storyboard; sourceTree = "<group>"; };
		454FFC5325FD178800E2CC52 /* SearchResultCell.swift */ = {isa = PBXFileReference; lastKnownFileType = sourcecode.swift; path = SearchResultCell.swift; sourceTree = "<group>"; };
		454FFC5A25FD189300E2CC52 /* SearchViewController.swift */ = {isa = PBXFileReference; lastKnownFileType = sourcecode.swift; path = SearchViewController.swift; sourceTree = "<group>"; };
		454FFC5E25FD18B900E2CC52 /* ReusableView.swift */ = {isa = PBXFileReference; lastKnownFileType = sourcecode.swift; path = ReusableView.swift; sourceTree = "<group>"; };
		454FFC6225FD251C00E2CC52 /* UITableView+ReuseIdentifier.swift */ = {isa = PBXFileReference; lastKnownFileType = sourcecode.swift; path = "UITableView+ReuseIdentifier.swift"; sourceTree = "<group>"; };
		454FFC6525FD262900E2CC52 /* SearchResultViewModel.swift */ = {isa = PBXFileReference; lastKnownFileType = sourcecode.swift; path = SearchResultViewModel.swift; sourceTree = "<group>"; };
		454FFC6E25FEA1C300E2CC52 /* TopPodcastsAPI.swift */ = {isa = PBXFileReference; lastKnownFileType = sourcecode.swift; path = TopPodcastsAPI.swift; sourceTree = "<group>"; };
		454FFC7525FEDB4400E2CC52 /* PodCastAppTests.xctest */ = {isa = PBXFileReference; explicitFileType = wrapper.cfbundle; includeInIndex = 0; path = PodCastAppTests.xctest; sourceTree = BUILT_PRODUCTS_DIR; };
		454FFC7725FEDB4400E2CC52 /* TopPodcastAPITests.swift */ = {isa = PBXFileReference; lastKnownFileType = sourcecode.swift; path = TopPodcastAPITests.swift; sourceTree = "<group>"; };
		454FFC7925FEDB4400E2CC52 /* Info.plist */ = {isa = PBXFileReference; lastKnownFileType = text.plist.xml; path = Info.plist; sourceTree = "<group>"; };
		454FFC8525FEF23100E2CC52 /* SearchResult.swift */ = {isa = PBXFileReference; lastKnownFileType = sourcecode.swift; path = SearchResult.swift; sourceTree = "<group>"; };
		454FFC8925FFACEB00E2CC52 /* APIClient.swift */ = {isa = PBXFileReference; lastKnownFileType = sourcecode.swift; path = APIClient.swift; sourceTree = "<group>"; };
		454FFC8F25FFB65300E2CC52 /* PodcastSearchAPI.swift */ = {isa = PBXFileReference; lastKnownFileType = sourcecode.swift; path = PodcastSearchAPI.swift; sourceTree = "<group>"; };
/* End PBXFileReference section */

/* Begin PBXFrameworksBuildPhase section */
		454FFC2A25FCFD2500E2CC52 /* Frameworks */ = {
			isa = PBXFrameworksBuildPhase;
			buildActionMask = 2147483647;
			files = (
				454FFC6B25FE968600E2CC52 /* Kingfisher in Frameworks */,
			);
			runOnlyForDeploymentPostprocessing = 0;
		};
		454FFC7225FEDB4400E2CC52 /* Frameworks */ = {
			isa = PBXFrameworksBuildPhase;
			buildActionMask = 2147483647;
			files = (
			);
			runOnlyForDeploymentPostprocessing = 0;
		};
/* End PBXFrameworksBuildPhase section */

/* Begin PBXGroup section */
		454FFC2425FCFD2500E2CC52 = {
			isa = PBXGroup;
			children = (
				454FFC2F25FCFD2500E2CC52 /* PodCastApp */,
				454FFC7625FEDB4400E2CC52 /* PodCastAppTests */,
				454FFC2E25FCFD2500E2CC52 /* Products */,
			);
			sourceTree = "<group>";
		};
		454FFC2E25FCFD2500E2CC52 /* Products */ = {
			isa = PBXGroup;
			children = (
				454FFC2D25FCFD2500E2CC52 /* PodCastApp.app */,
				454FFC7525FEDB4400E2CC52 /* PodCastAppTests.xctest */,
			);
			name = Products;
			sourceTree = "<group>";
		};
		454FFC2F25FCFD2500E2CC52 /* PodCastApp */ = {
			isa = PBXGroup;
			children = (
				454FFC6D25FEA1B000E2CC52 /* API */,
				454FFC5D25FD189E00E2CC52 /* Utility */,
				454FFC4725FCFE4300E2CC52 /* Theme.swift */,
				454FFC4B25FD088B00E2CC52 /* Search */,
				454FFC3025FCFD2500E2CC52 /* AppDelegate.swift */,
				454FFC3625FCFD2500E2CC52 /* Main.storyboard */,
				454FFC3925FCFD2700E2CC52 /* Assets.xcassets */,
				454FFC3B25FCFD2700E2CC52 /* LaunchScreen.storyboard */,
				454FFC3E25FCFD2700E2CC52 /* Info.plist */,
			);
			path = PodCastApp;
			sourceTree = "<group>";
		};
		454FFC4B25FD088B00E2CC52 /* Search */ = {
			isa = PBXGroup;
			children = (
				454FFC4C25FD089700E2CC52 /* Search.storyboard */,
				454FFC5A25FD189300E2CC52 /* SearchViewController.swift */,
				454FFC8525FEF23100E2CC52 /* SearchResult.swift */,
				454FFC5325FD178800E2CC52 /* SearchResultCell.swift */,
			);
			path = Search;
			sourceTree = "<group>";
		};
		454FFC5D25FD189E00E2CC52 /* Utility */ = {
			isa = PBXGroup;
			children = (
				454FFC5E25FD18B900E2CC52 /* ReusableView.swift */,
				454FFC6225FD251C00E2CC52 /* UITableView+ReuseIdentifier.swift */,
				454FFC6525FD262900E2CC52 /* SearchResultViewModel.swift */,
			);
			path = Utility;
			sourceTree = "<group>";
		};
		454FFC6D25FEA1B000E2CC52 /* API */ = {
			isa = PBXGroup;
			children = (
				454FFC6E25FEA1C300E2CC52 /* TopPodcastsAPI.swift */,
				454FFC8F25FFB65300E2CC52 /* PodcastSearchAPI.swift */,
				454FFC8925FFACEB00E2CC52 /* APIClient.swift */,
			);
			path = API;
			sourceTree = "<group>";
		};
		454FFC7625FEDB4400E2CC52 /* PodCastAppTests */ = {
			isa = PBXGroup;
			children = (
				454FFC7725FEDB4400E2CC52 /* TopPodcastAPITests.swift */,
				454FFC7925FEDB4400E2CC52 /* Info.plist */,
			);
			path = PodCastAppTests;
			sourceTree = "<group>";
		};
/* End PBXGroup section */

/* Begin PBXNativeTarget section */
		454FFC2C25FCFD2500E2CC52 /* PodCastApp */ = {
			isa = PBXNativeTarget;
			buildConfigurationList = 454FFC4125FCFD2700E2CC52 /* Build configuration list for PBXNativeTarget "PodCastApp" */;
			buildPhases = (
				454FFC2925FCFD2500E2CC52 /* Sources */,
				454FFC2A25FCFD2500E2CC52 /* Frameworks */,
				454FFC2B25FCFD2500E2CC52 /* Resources */,
			);
			buildRules = (
			);
			dependencies = (
			);
			name = PodCastApp;
			packageProductDependencies = (
				454FFC6A25FE968600E2CC52 /* Kingfisher */,
			);
			productName = PodCastApp;
			productReference = 454FFC2D25FCFD2500E2CC52 /* PodCastApp.app */;
			productType = "com.apple.product-type.application";
		};
		454FFC7425FEDB4400E2CC52 /* PodCastAppTests */ = {
			isa = PBXNativeTarget;
			buildConfigurationList = 454FFC7C25FEDB4400E2CC52 /* Build configuration list for PBXNativeTarget "PodCastAppTests" */;
			buildPhases = (
				454FFC7125FEDB4400E2CC52 /* Sources */,
				454FFC7225FEDB4400E2CC52 /* Frameworks */,
				454FFC7325FEDB4400E2CC52 /* Resources */,
			);
			buildRules = (
			);
			dependencies = (
				454FFC7B25FEDB4400E2CC52 /* PBXTargetDependency */,
			);
			name = PodCastAppTests;
			productName = PodCastAppTests;
			productReference = 454FFC7525FEDB4400E2CC52 /* PodCastAppTests.xctest */;
			productType = "com.apple.product-type.bundle.unit-test";
		};
/* End PBXNativeTarget section */

/* Begin PBXProject section */
		454FFC2525FCFD2500E2CC52 /* Project object */ = {
			isa = PBXProject;
			attributes = {
				LastSwiftUpdateCheck = 1240;
				LastUpgradeCheck = 1240;
				TargetAttributes = {
					454FFC2C25FCFD2500E2CC52 = {
						CreatedOnToolsVersion = 12.4;
					};
					454FFC7425FEDB4400E2CC52 = {
						CreatedOnToolsVersion = 12.4;
						TestTargetID = 454FFC2C25FCFD2500E2CC52;
					};
				};
			};
			buildConfigurationList = 454FFC2825FCFD2500E2CC52 /* Build configuration list for PBXProject "PodCastApp" */;
			compatibilityVersion = "Xcode 9.3";
			developmentRegion = en;
			hasScannedForEncodings = 0;
			knownRegions = (
				en,
				Base,
			);
			mainGroup = 454FFC2425FCFD2500E2CC52;
			packageReferences = (
				454FFC6925FE968600E2CC52 /* XCRemoteSwiftPackageReference "Kingfisher" */,
			);
			productRefGroup = 454FFC2E25FCFD2500E2CC52 /* Products */;
			projectDirPath = "";
			projectRoot = "";
			targets = (
				454FFC2C25FCFD2500E2CC52 /* PodCastApp */,
				454FFC7425FEDB4400E2CC52 /* PodCastAppTests */,
			);
		};
/* End PBXProject section */

/* Begin PBXResourcesBuildPhase section */
		454FFC2B25FCFD2500E2CC52 /* Resources */ = {
			isa = PBXResourcesBuildPhase;
			buildActionMask = 2147483647;
			files = (
				454FFC3D25FCFD2700E2CC52 /* LaunchScreen.storyboard in Resources */,
				454FFC3A25FCFD2700E2CC52 /* Assets.xcassets in Resources */,
				454FFC4D25FD089700E2CC52 /* Search.storyboard in Resources */,
				454FFC3825FCFD2500E2CC52 /* Main.storyboard in Resources */,
			);
			runOnlyForDeploymentPostprocessing = 0;
		};
		454FFC7325FEDB4400E2CC52 /* Resources */ = {
			isa = PBXResourcesBuildPhase;
			buildActionMask = 2147483647;
			files = (
			);
			runOnlyForDeploymentPostprocessing = 0;
		};
/* End PBXResourcesBuildPhase section */

/* Begin PBXSourcesBuildPhase section */
		454FFC2925FCFD2500E2CC52 /* Sources */ = {
			isa = PBXSourcesBuildPhase;
			buildActionMask = 2147483647;
			files = (
				454FFC6625FD262900E2CC52 /* SearchResultViewModel.swift in Sources */,
				454FFC8625FEF23100E2CC52 /* SearchResult.swift in Sources */,
				454FFC9025FFB65300E2CC52 /* PodcastSearchAPI.swift in Sources */,
				454FFC4825FCFE4300E2CC52 /* Theme.swift in Sources */,
				454FFC5F25FD18B900E2CC52 /* ReusableView.swift in Sources */,
				454FFC5425FD178800E2CC52 /* SearchResultCell.swift in Sources */,
				454FFC8A25FFACEB00E2CC52 /* APIClient.swift in Sources */,
				454FFC5B25FD189300E2CC52 /* SearchViewController.swift in Sources */,
				454FFC6F25FEA1C300E2CC52 /* TopPodcastsAPI.swift in Sources */,
				454FFC3125FCFD2500E2CC52 /* AppDelegate.swift in Sources */,
				454FFC6325FD251C00E2CC52 /* UITableView+ReuseIdentifier.swift in Sources */,
			);
			runOnlyForDeploymentPostprocessing = 0;
		};
		454FFC7125FEDB4400E2CC52 /* Sources */ = {
			isa = PBXSourcesBuildPhase;
			buildActionMask = 2147483647;
			files = (
				454FFC7825FEDB4400E2CC52 /* TopPodcastAPITests.swift in Sources */,
			);
			runOnlyForDeploymentPostprocessing = 0;
		};
/* End PBXSourcesBuildPhase section */

/* Begin PBXTargetDependency section */
		454FFC7B25FEDB4400E2CC52 /* PBXTargetDependency */ = {
			isa = PBXTargetDependency;
			target = 454FFC2C25FCFD2500E2CC52 /* PodCastApp */;
			targetProxy = 454FFC7A25FEDB4400E2CC52 /* PBXContainerItemProxy */;
		};
/* End PBXTargetDependency section */

/* Begin PBXVariantGroup section */
		454FFC3625FCFD2500E2CC52 /* Main.storyboard */ = {
			isa = PBXVariantGroup;
			children = (
				454FFC3725FCFD2500E2CC52 /* Base */,
			);
			name = Main.storyboard;
			sourceTree = "<group>";
		};
		454FFC3B25FCFD2700E2CC52 /* LaunchScreen.storyboard */ = {
			isa = PBXVariantGroup;
			children = (
				454FFC3C25FCFD2700E2CC52 /* Base */,
			);
			name = LaunchScreen.storyboard;
			sourceTree = "<group>";
		};
/* End PBXVariantGroup section */

/* Begin XCBuildConfiguration section */
		454FFC3F25FCFD2700E2CC52 /* Debug */ = {
			isa = XCBuildConfiguration;
			buildSettings = {
				ALWAYS_SEARCH_USER_PATHS = NO;
				CLANG_ANALYZER_NONNULL = YES;
				CLANG_ANALYZER_NUMBER_OBJECT_CONVERSION = YES_AGGRESSIVE;
				CLANG_CXX_LANGUAGE_STANDARD = "gnu++14";
				CLANG_CXX_LIBRARY = "libc++";
				CLANG_ENABLE_MODULES = YES;
				CLANG_ENABLE_OBJC_ARC = YES;
				CLANG_ENABLE_OBJC_WEAK = YES;
				CLANG_WARN_BLOCK_CAPTURE_AUTORELEASING = YES;
				CLANG_WARN_BOOL_CONVERSION = YES;
				CLANG_WARN_COMMA = YES;
				CLANG_WARN_CONSTANT_CONVERSION = YES;
				CLANG_WARN_DEPRECATED_OBJC_IMPLEMENTATIONS = YES;
				CLANG_WARN_DIRECT_OBJC_ISA_USAGE = YES_ERROR;
				CLANG_WARN_DOCUMENTATION_COMMENTS = YES;
				CLANG_WARN_EMPTY_BODY = YES;
				CLANG_WARN_ENUM_CONVERSION = YES;
				CLANG_WARN_INFINITE_RECURSION = YES;
				CLANG_WARN_INT_CONVERSION = YES;
				CLANG_WARN_NON_LITERAL_NULL_CONVERSION = YES;
				CLANG_WARN_OBJC_IMPLICIT_RETAIN_SELF = YES;
				CLANG_WARN_OBJC_LITERAL_CONVERSION = YES;
				CLANG_WARN_OBJC_ROOT_CLASS = YES_ERROR;
				CLANG_WARN_QUOTED_INCLUDE_IN_FRAMEWORK_HEADER = YES;
				CLANG_WARN_RANGE_LOOP_ANALYSIS = YES;
				CLANG_WARN_STRICT_PROTOTYPES = YES;
				CLANG_WARN_SUSPICIOUS_MOVE = YES;
				CLANG_WARN_UNGUARDED_AVAILABILITY = YES_AGGRESSIVE;
				CLANG_WARN_UNREACHABLE_CODE = YES;
				CLANG_WARN__DUPLICATE_METHOD_MATCH = YES;
				COPY_PHASE_STRIP = NO;
				DEBUG_INFORMATION_FORMAT = dwarf;
				ENABLE_STRICT_OBJC_MSGSEND = YES;
				ENABLE_TESTABILITY = YES;
				GCC_C_LANGUAGE_STANDARD = gnu11;
				GCC_DYNAMIC_NO_PIC = NO;
				GCC_NO_COMMON_BLOCKS = YES;
				GCC_OPTIMIZATION_LEVEL = 0;
				GCC_PREPROCESSOR_DEFINITIONS = (
					"DEBUG=1",
					"$(inherited)",
				);
				GCC_WARN_64_TO_32_BIT_CONVERSION = YES;
				GCC_WARN_ABOUT_RETURN_TYPE = YES_ERROR;
				GCC_WARN_UNDECLARED_SELECTOR = YES;
				GCC_WARN_UNINITIALIZED_AUTOS = YES_AGGRESSIVE;
				GCC_WARN_UNUSED_FUNCTION = YES;
				GCC_WARN_UNUSED_VARIABLE = YES;
				IPHONEOS_DEPLOYMENT_TARGET = 14.4;
				MTL_ENABLE_DEBUG_INFO = INCLUDE_SOURCE;
				MTL_FAST_MATH = YES;
				ONLY_ACTIVE_ARCH = YES;
				SDKROOT = iphoneos;
				SWIFT_ACTIVE_COMPILATION_CONDITIONS = DEBUG;
				SWIFT_OPTIMIZATION_LEVEL = "-Onone";
			};
			name = Debug;
		};
		454FFC4025FCFD2700E2CC52 /* Release */ = {
			isa = XCBuildConfiguration;
			buildSettings = {
				ALWAYS_SEARCH_USER_PATHS = NO;
				CLANG_ANALYZER_NONNULL = YES;
				CLANG_ANALYZER_NUMBER_OBJECT_CONVERSION = YES_AGGRESSIVE;
				CLANG_CXX_LANGUAGE_STANDARD = "gnu++14";
				CLANG_CXX_LIBRARY = "libc++";
				CLANG_ENABLE_MODULES = YES;
				CLANG_ENABLE_OBJC_ARC = YES;
				CLANG_ENABLE_OBJC_WEAK = YES;
				CLANG_WARN_BLOCK_CAPTURE_AUTORELEASING = YES;
				CLANG_WARN_BOOL_CONVERSION = YES;
				CLANG_WARN_COMMA = YES;
				CLANG_WARN_CONSTANT_CONVERSION = YES;
				CLANG_WARN_DEPRECATED_OBJC_IMPLEMENTATIONS = YES;
				CLANG_WARN_DIRECT_OBJC_ISA_USAGE = YES_ERROR;
				CLANG_WARN_DOCUMENTATION_COMMENTS = YES;
				CLANG_WARN_EMPTY_BODY = YES;
				CLANG_WARN_ENUM_CONVERSION = YES;
				CLANG_WARN_INFINITE_RECURSION = YES;
				CLANG_WARN_INT_CONVERSION = YES;
				CLANG_WARN_NON_LITERAL_NULL_CONVERSION = YES;
				CLANG_WARN_OBJC_IMPLICIT_RETAIN_SELF = YES;
				CLANG_WARN_OBJC_LITERAL_CONVERSION = YES;
				CLANG_WARN_OBJC_ROOT_CLASS = YES_ERROR;
				CLANG_WARN_QUOTED_INCLUDE_IN_FRAMEWORK_HEADER = YES;
				CLANG_WARN_RANGE_LOOP_ANALYSIS = YES;
				CLANG_WARN_STRICT_PROTOTYPES = YES;
				CLANG_WARN_SUSPICIOUS_MOVE = YES;
				CLANG_WARN_UNGUARDED_AVAILABILITY = YES_AGGRESSIVE;
				CLANG_WARN_UNREACHABLE_CODE = YES;
				CLANG_WARN__DUPLICATE_METHOD_MATCH = YES;
				COPY_PHASE_STRIP = NO;
				DEBUG_INFORMATION_FORMAT = "dwarf-with-dsym";
				ENABLE_NS_ASSERTIONS = NO;
				ENABLE_STRICT_OBJC_MSGSEND = YES;
				GCC_C_LANGUAGE_STANDARD = gnu11;
				GCC_NO_COMMON_BLOCKS = YES;
				GCC_WARN_64_TO_32_BIT_CONVERSION = YES;
				GCC_WARN_ABOUT_RETURN_TYPE = YES_ERROR;
				GCC_WARN_UNDECLARED_SELECTOR = YES;
				GCC_WARN_UNINITIALIZED_AUTOS = YES_AGGRESSIVE;
				GCC_WARN_UNUSED_FUNCTION = YES;
				GCC_WARN_UNUSED_VARIABLE = YES;
				IPHONEOS_DEPLOYMENT_TARGET = 14.4;
				MTL_ENABLE_DEBUG_INFO = NO;
				MTL_FAST_MATH = YES;
				SDKROOT = iphoneos;
				SWIFT_COMPILATION_MODE = wholemodule;
				SWIFT_OPTIMIZATION_LEVEL = "-O";
				VALIDATE_PRODUCT = YES;
			};
			name = Release;
		};
		454FFC4225FCFD2700E2CC52 /* Debug */ = {
			isa = XCBuildConfiguration;
			buildSettings = {
				ASSETCATALOG_COMPILER_APPICON_NAME = AppIcon;
				ASSETCATALOG_COMPILER_GLOBAL_ACCENT_COLOR_NAME = AccentColor;
				CODE_SIGN_STYLE = Automatic;
				DEVELOPMENT_TEAM = 7XGX6TD7GL;
				INFOPLIST_FILE = PodCastApp/Info.plist;
				LD_RUNPATH_SEARCH_PATHS = (
					"$(inherited)",
					"@executable_path/Frameworks",
				);
				PRODUCT_BUNDLE_IDENTIFIER = com.224apps.PodCastApp;
				PRODUCT_NAME = "$(TARGET_NAME)";
				SWIFT_VERSION = 5.0;
				TARGETED_DEVICE_FAMILY = "1,2";
			};
			name = Debug;
		};
		454FFC4325FCFD2700E2CC52 /* Release */ = {
			isa = XCBuildConfiguration;
			buildSettings = {
				ASSETCATALOG_COMPILER_APPICON_NAME = AppIcon;
				ASSETCATALOG_COMPILER_GLOBAL_ACCENT_COLOR_NAME = AccentColor;
				CODE_SIGN_STYLE = Automatic;
				DEVELOPMENT_TEAM = 7XGX6TD7GL;
				INFOPLIST_FILE = PodCastApp/Info.plist;
				LD_RUNPATH_SEARCH_PATHS = (
					"$(inherited)",
					"@executable_path/Frameworks",
				);
				PRODUCT_BUNDLE_IDENTIFIER = com.224apps.PodCastApp;
				PRODUCT_NAME = "$(TARGET_NAME)";
				SWIFT_VERSION = 5.0;
				TARGETED_DEVICE_FAMILY = "1,2";
			};
			name = Release;
		};
		454FFC7D25FEDB4400E2CC52 /* Debug */ = {
			isa = XCBuildConfiguration;
			buildSettings = {
				BUNDLE_LOADER = "$(TEST_HOST)";
				CODE_SIGN_STYLE = Automatic;
				DEVELOPMENT_TEAM = 7XGX6TD7GL;
				INFOPLIST_FILE = PodCastAppTests/Info.plist;
				LD_RUNPATH_SEARCH_PATHS = (
					"$(inherited)",
					"@executable_path/Frameworks",
					"@loader_path/Frameworks",
				);
				PRODUCT_BUNDLE_IDENTIFIER = com.224apps.PodCastAppTests;
				PRODUCT_NAME = "$(TARGET_NAME)";
				SWIFT_VERSION = 5.0;
				TARGETED_DEVICE_FAMILY = "1,2";
				TEST_HOST = "$(BUILT_PRODUCTS_DIR)/PodCastApp.app/PodCastApp";
			};
			name = Debug;
		};
		454FFC7E25FEDB4400E2CC52 /* Release */ = {
			isa = XCBuildConfiguration;
			buildSettings = {
				BUNDLE_LOADER = "$(TEST_HOST)";
				CODE_SIGN_STYLE = Automatic;
				DEVELOPMENT_TEAM = 7XGX6TD7GL;
				INFOPLIST_FILE = PodCastAppTests/Info.plist;
				LD_RUNPATH_SEARCH_PATHS = (
					"$(inherited)",
					"@executable_path/Frameworks",
					"@loader_path/Frameworks",
				);
				PRODUCT_BUNDLE_IDENTIFIER = com.224apps.PodCastAppTests;
				PRODUCT_NAME = "$(TARGET_NAME)";
				SWIFT_VERSION = 5.0;
				TARGETED_DEVICE_FAMILY = "1,2";
				TEST_HOST = "$(BUILT_PRODUCTS_DIR)/PodCastApp.app/PodCastApp";
			};
			name = Release;
		};
/* End XCBuildConfiguration section */

/* Begin XCConfigurationList section */
		454FFC2825FCFD2500E2CC52 /* Build configuration list for PBXProject "PodCastApp" */ = {
			isa = XCConfigurationList;
			buildConfigurations = (
				454FFC3F25FCFD2700E2CC52 /* Debug */,
				454FFC4025FCFD2700E2CC52 /* Release */,
			);
			defaultConfigurationIsVisible = 0;
			defaultConfigurationName = Release;
		};
		454FFC4125FCFD2700E2CC52 /* Build configuration list for PBXNativeTarget "PodCastApp" */ = {
			isa = XCConfigurationList;
			buildConfigurations = (
				454FFC4225FCFD2700E2CC52 /* Debug */,
				454FFC4325FCFD2700E2CC52 /* Release */,
			);
			defaultConfigurationIsVisible = 0;
			defaultConfigurationName = Release;
		};
		454FFC7C25FEDB4400E2CC52 /* Build configuration list for PBXNativeTarget "PodCastAppTests" */ = {
			isa = XCConfigurationList;
			buildConfigurations = (
				454FFC7D25FEDB4400E2CC52 /* Debug */,
				454FFC7E25FEDB4400E2CC52 /* Release */,
			);
			defaultConfigurationIsVisible = 0;
			defaultConfigurationName = Release;
		};
/* End XCConfigurationList section */

/* Begin XCRemoteSwiftPackageReference section */
		454FFC6925FE968600E2CC52 /* XCRemoteSwiftPackageReference "Kingfisher" */ = {
			isa = XCRemoteSwiftPackageReference;
			repositoryURL = "https://github.com/onevcat/Kingfisher.git";
			requirement = {
				kind = upToNextMajorVersion;
				minimumVersion = 6.2.1;
			};
		};
/* End XCRemoteSwiftPackageReference section */

/* Begin XCSwiftPackageProductDependency section */
		454FFC6A25FE968600E2CC52 /* Kingfisher */ = {
			isa = XCSwiftPackageProductDependency;
			package = 454FFC6925FE968600E2CC52 /* XCRemoteSwiftPackageReference "Kingfisher" */;
			productName = Kingfisher;
		};
/* End XCSwiftPackageProductDependency section */
	};
	rootObject = 454FFC2525FCFD2500E2CC52 /* Project object */;
}
